
Microsoft Visual Studio Solution File, Format Version 12.00
# Visual Studio Version 16
VisualStudioVersion = 16.0.30907.101
MinimumVisualStudioVersion = 10.0.40219.1
Project("{FAE04EC0-301F-11D3-BF4B-00C04F79EFBC}") = "ListBoxWinApp", "ListBoxWinApp\ListBoxWinApp.csproj", "{D585A0BA-9416-480A-8E09-3DDE56B6375F}"
EndProject
Project("{FAE04EC0-301F-11D3-BF4B-00C04F79EFBC}") = "RestaurantSelApp", "..\RestaurantSelApp\RestaurantSelApp.csproj", "{20AFC4D0-BFD7-449A-B01D-FD627AD940CF}"
EndProject
Project("{FAE04EC0-301F-11D3-BF4B-00C04F79EFBC}") = "TravelWishApp", "..\TravelWishApp\TravelWishApp.csproj", "{AAF36B13-EC50-4E56-BD0A-8591BC829216}"
EndProject
Global
	GlobalSection(SolutionConfigurationPlatforms) = preSolution
		Debug|Any CPU = Debug|Any CPU
		Release|Any CPU = Release|Any CPU
	EndGlobalSection
	GlobalSection(ProjectConfigurationPlatforms) = postSolution
		{D585A0BA-9416-480A-8E09-3DDE56B6375F}.Debug|Any CPU.ActiveCfg = Debug|Any CPU
		{D585A0BA-9416-480A-8E09-3DDE56B6375F}.Debug|Any CPU.Build.0 = Debug|Any CPU
		{D585A0BA-9416-480A-8E09-3DDE56B6375F}.Release|Any CPU.ActiveCfg = Release|Any CPU
		{D585A0BA-9416-480A-8E09-3DDE56B6375F}.Release|Any CPU.Build.0 = Release|Any CPU
		{20AFC4D0-BFD7-449A-B01D-FD627AD940CF}.Debug|Any CPU.ActiveCfg = Debug|Any CPU
		{20AFC4D0-BFD7-449A-B01D-FD627AD940CF}.Debug|Any CPU.Build.0 = Debug|Any CPU
		{20AFC4D0-BFD7-449A-B01D-FD627AD940CF}.Release|Any CPU.ActiveCfg = Release|Any CPU
		{20AFC4D0-BFD7-449A-B01D-FD627AD940CF}.Release|Any CPU.Build.0 = Release|Any CPU
		{AAF36B13-EC50-4E56-BD0A-8591BC829216}.Debug|Any CPU.ActiveCfg = Debug|Any CPU
		{AAF36B13-EC50-4E56-BD0A-8591BC829216}.Debug|Any CPU.Build.0 = Debug|Any CPU
		{AAF36B13-EC50-4E56-BD0A-8591BC829216}.Release|Any CPU.ActiveCfg = Release|Any CPU
		{AAF36B13-EC50-4E56-BD0A-8591BC829216}.Release|Any CPU.Build.0 = Release|Any CPU
	EndGlobalSection
	GlobalSection(SolutionProperties) = preSolution
		HideSolutionNode = FALSE
	EndGlobalSection
	GlobalSection(ExtensibilityGlobals) = postSolution
		SolutionGuid = {33D66016-7AA0-4978-B45F-154441E03861}
	EndGlobalSection
EndGlobal
