
Microsoft Visual Studio Solution File, Format Version 12.00
# Visual Studio Version 16
VisualStudioVersion = 16.0.30907.101
MinimumVisualStudioVersion = 10.0.40219.1
Project("{FAE04EC0-301F-11D3-BF4B-00C04F79EFBC}") = "TimerClock", "TimerClock.csproj", "{7440DFA3-78FF-4190-9D0E-F796FD7A52AA}"
EndProject
Project("{FAE04EC0-301F-11D3-BF4B-00C04F79EFBC}") = "DateCalcApp", "..\DateCalcApp\DateCalcApp.csproj", "{AC229EAD-9674-4D6A-901A-02EC51B750DF}"
EndProject
Project("{FAE04EC0-301F-11D3-BF4B-00C04F79EFBC}") = "AlarmClockApp", "..\AlarmClockApp\AlarmClockApp.csproj", "{CE63006C-4C31-45DE-9052-82E6C23AB87B}"
EndProject
Project("{FAE04EC0-301F-11D3-BF4B-00C04F79EFBC}") = "MoviePalyerApp", "..\MoviePalyerApp\MoviePalyerApp.csproj", "{2D5FF0C4-09FE-4A05-9A58-0B10ED9DF490}"
EndProject
Project("{FAE04EC0-301F-11D3-BF4B-00C04F79EFBC}") = "TextViewerApp", "..\TextViewerApp\TextViewerApp.csproj", "{EA9CDD3C-8543-4A76-8A9B-4C7F6A2A4916}"
EndProject
Project("{FAE04EC0-301F-11D3-BF4B-00C04F79EFBC}") = "SimpleGraphicEditer", "..\SimpleGraphicEditer\SimpleGraphicEditer.csproj", "{51251143-7F50-471C-A6C7-AEC8C95EC05C}"
EndProject
Project("{FAE04EC0-301F-11D3-BF4B-00C04F79EFBC}") = "HelloWPFApp", "..\HelloWPFApp\HelloWPFApp.csproj", "{CFB1C2B3-48D9-4797-809F-499BF8292AF1}"
EndProject
Project("{FAE04EC0-301F-11D3-BF4B-00C04F79EFBC}") = "WPFLayoutApp", "..\WPFLayoutApp\WPFLayoutApp.csproj", "{9B4511CE-AB4C-43C4-A1F0-C031F89820B1}"
EndProject
Project("{FAE04EC0-301F-11D3-BF4B-00C04F79EFBC}") = "BmICalcApp", "..\BmICalcApp\BmICalcApp.csproj", "{75F5125E-86E9-4071-9542-05C99B1682A3}"
EndProject
Project("{FAE04EC0-301F-11D3-BF4B-00C04F79EFBC}") = "BlinkerApp", "..\BlinkerApp\BlinkerApp.csproj", "{0C536DA0-3918-4FE2-9E08-35B173BDD5F7}"
EndProject
Global
	GlobalSection(SolutionConfigurationPlatforms) = preSolution
		Debug|Any CPU = Debug|Any CPU
		Release|Any CPU = Release|Any CPU
	EndGlobalSection
	GlobalSection(ProjectConfigurationPlatforms) = postSolution
		{7440DFA3-78FF-4190-9D0E-F796FD7A52AA}.Debug|Any CPU.ActiveCfg = Debug|Any CPU
		{7440DFA3-78FF-4190-9D0E-F796FD7A52AA}.Debug|Any CPU.Build.0 = Debug|Any CPU
		{7440DFA3-78FF-4190-9D0E-F796FD7A52AA}.Release|Any CPU.ActiveCfg = Release|Any CPU
		{7440DFA3-78FF-4190-9D0E-F796FD7A52AA}.Release|Any CPU.Build.0 = Release|Any CPU
		{AC229EAD-9674-4D6A-901A-02EC51B750DF}.Debug|Any CPU.ActiveCfg = Debug|Any CPU
		{AC229EAD-9674-4D6A-901A-02EC51B750DF}.Debug|Any CPU.Build.0 = Debug|Any CPU
		{AC229EAD-9674-4D6A-901A-02EC51B750DF}.Release|Any CPU.ActiveCfg = Release|Any CPU
		{AC229EAD-9674-4D6A-901A-02EC51B750DF}.Release|Any CPU.Build.0 = Release|Any CPU
		{CE63006C-4C31-45DE-9052-82E6C23AB87B}.Debug|Any CPU.ActiveCfg = Debug|Any CPU
		{CE63006C-4C31-45DE-9052-82E6C23AB87B}.Debug|Any CPU.Build.0 = Debug|Any CPU
		{CE63006C-4C31-45DE-9052-82E6C23AB87B}.Release|Any CPU.ActiveCfg = Release|Any CPU
		{CE63006C-4C31-45DE-9052-82E6C23AB87B}.Release|Any CPU.Build.0 = Release|Any CPU
		{2D5FF0C4-09FE-4A05-9A58-0B10ED9DF490}.Debug|Any CPU.ActiveCfg = Debug|Any CPU
		{2D5FF0C4-09FE-4A05-9A58-0B10ED9DF490}.Debug|Any CPU.Build.0 = Debug|Any CPU
		{2D5FF0C4-09FE-4A05-9A58-0B10ED9DF490}.Release|Any CPU.ActiveCfg = Release|Any CPU
		{2D5FF0C4-09FE-4A05-9A58-0B10ED9DF490}.Release|Any CPU.Build.0 = Release|Any CPU
		{EA9CDD3C-8543-4A76-8A9B-4C7F6A2A4916}.Debug|Any CPU.ActiveCfg = Debug|Any CPU
		{EA9CDD3C-8543-4A76-8A9B-4C7F6A2A4916}.Debug|Any CPU.Build.0 = Debug|Any CPU
		{EA9CDD3C-8543-4A76-8A9B-4C7F6A2A4916}.Release|Any CPU.ActiveCfg = Release|Any CPU
		{EA9CDD3C-8543-4A76-8A9B-4C7F6A2A4916}.Release|Any CPU.Build.0 = Release|Any CPU
		{51251143-7F50-471C-A6C7-AEC8C95EC05C}.Debug|Any CPU.ActiveCfg = Debug|Any CPU
		{51251143-7F50-471C-A6C7-AEC8C95EC05C}.Debug|Any CPU.Build.0 = Debug|Any CPU
		{51251143-7F50-471C-A6C7-AEC8C95EC05C}.Release|Any CPU.ActiveCfg = Release|Any CPU
		{51251143-7F50-471C-A6C7-AEC8C95EC05C}.Release|Any CPU.Build.0 = Release|Any CPU
		{CFB1C2B3-48D9-4797-809F-499BF8292AF1}.Debug|Any CPU.ActiveCfg = Debug|Any CPU
		{CFB1C2B3-48D9-4797-809F-499BF8292AF1}.Debug|Any CPU.Build.0 = Debug|Any CPU
		{CFB1C2B3-48D9-4797-809F-499BF8292AF1}.Release|Any CPU.ActiveCfg = Release|Any CPU
		{CFB1C2B3-48D9-4797-809F-499BF8292AF1}.Release|Any CPU.Build.0 = Release|Any CPU
		{9B4511CE-AB4C-43C4-A1F0-C031F89820B1}.Debug|Any CPU.ActiveCfg = Debug|Any CPU
		{9B4511CE-AB4C-43C4-A1F0-C031F89820B1}.Debug|Any CPU.Build.0 = Debug|Any CPU
		{9B4511CE-AB4C-43C4-A1F0-C031F89820B1}.Release|Any CPU.ActiveCfg = Release|Any CPU
		{9B4511CE-AB4C-43C4-A1F0-C031F89820B1}.Release|Any CPU.Build.0 = Release|Any CPU
		{75F5125E-86E9-4071-9542-05C99B1682A3}.Debug|Any CPU.ActiveCfg = Debug|Any CPU
		{75F5125E-86E9-4071-9542-05C99B1682A3}.Debug|Any CPU.Build.0 = Debug|Any CPU
		{75F5125E-86E9-4071-9542-05C99B1682A3}.Release|Any CPU.ActiveCfg = Release|Any CPU
		{75F5125E-86E9-4071-9542-05C99B1682A3}.Release|Any CPU.Build.0 = Release|Any CPU
		{0C536DA0-3918-4FE2-9E08-35B173BDD5F7}.Debug|Any CPU.ActiveCfg = Debug|Any CPU
		{0C536DA0-3918-4FE2-9E08-35B173BDD5F7}.Debug|Any CPU.Build.0 = Debug|Any CPU
		{0C536DA0-3918-4FE2-9E08-35B173BDD5F7}.Release|Any CPU.ActiveCfg = Release|Any CPU
		{0C536DA0-3918-4FE2-9E08-35B173BDD5F7}.Release|Any CPU.Build.0 = Release|Any CPU
	EndGlobalSection
	GlobalSection(SolutionProperties) = preSolution
		HideSolutionNode = FALSE
	EndGlobalSection
	GlobalSection(ExtensibilityGlobals) = postSolution
		SolutionGuid = {8A943AE3-5DA3-49E0-B93C-804F3132C120}
	EndGlobalSection
EndGlobal
