
Microsoft Visual Studio Solution File, Format Version 12.00
# Visual Studio Version 16
VisualStudioVersion = 16.0.30907.101
MinimumVisualStudioVersion = 10.0.40219.1
Project("{FAE04EC0-301F-11D3-BF4B-00C04F79EFBC}") = "WinCalculatorApp", "WinCalculatorApp\WinCalculatorApp.csproj", "{9C301DAC-AD8E-47F2-BE91-68A6AE536EFE}"
EndProject
Project("{FAE04EC0-301F-11D3-BF4B-00C04F79EFBC}") = "AnalogClockApp", "AnalogClockApp\AnalogClockApp.csproj", "{B2BE0C34-9DC1-4301-934B-0CD60C62BF49}"
EndProject
Project("{FAE04EC0-301F-11D3-BF4B-00C04F79EFBC}") = "MonteCarloPiApp", "MonteCarloPiApp\MonteCarloPiApp.csproj", "{4C9B0BB9-CA8D-44AB-89F3-83AE16BB62AE}"
EndProject
Project("{FAE04EC0-301F-11D3-BF4B-00C04F79EFBC}") = "MyNotepadApp", "MyNotepadApp\MyNotepadApp.csproj", "{2C2F4527-A73E-4C89-B755-AA79851F3E2E}"
EndProject
Global
	GlobalSection(SolutionConfigurationPlatforms) = preSolution
		Debug|Any CPU = Debug|Any CPU
		Release|Any CPU = Release|Any CPU
	EndGlobalSection
	GlobalSection(ProjectConfigurationPlatforms) = postSolution
		{9C301DAC-AD8E-47F2-BE91-68A6AE536EFE}.Debug|Any CPU.ActiveCfg = Debug|Any CPU
		{9C301DAC-AD8E-47F2-BE91-68A6AE536EFE}.Debug|Any CPU.Build.0 = Debug|Any CPU
		{9C301DAC-AD8E-47F2-BE91-68A6AE536EFE}.Release|Any CPU.ActiveCfg = Release|Any CPU
		{9C301DAC-AD8E-47F2-BE91-68A6AE536EFE}.Release|Any CPU.Build.0 = Release|Any CPU
		{B2BE0C34-9DC1-4301-934B-0CD60C62BF49}.Debug|Any CPU.ActiveCfg = Debug|Any CPU
		{B2BE0C34-9DC1-4301-934B-0CD60C62BF49}.Debug|Any CPU.Build.0 = Debug|Any CPU
		{B2BE0C34-9DC1-4301-934B-0CD60C62BF49}.Release|Any CPU.ActiveCfg = Release|Any CPU
		{B2BE0C34-9DC1-4301-934B-0CD60C62BF49}.Release|Any CPU.Build.0 = Release|Any CPU
		{4C9B0BB9-CA8D-44AB-89F3-83AE16BB62AE}.Debug|Any CPU.ActiveCfg = Debug|Any CPU
		{4C9B0BB9-CA8D-44AB-89F3-83AE16BB62AE}.Debug|Any CPU.Build.0 = Debug|Any CPU
		{4C9B0BB9-CA8D-44AB-89F3-83AE16BB62AE}.Release|Any CPU.ActiveCfg = Release|Any CPU
		{4C9B0BB9-CA8D-44AB-89F3-83AE16BB62AE}.Release|Any CPU.Build.0 = Release|Any CPU
		{2C2F4527-A73E-4C89-B755-AA79851F3E2E}.Debug|Any CPU.ActiveCfg = Debug|Any CPU
		{2C2F4527-A73E-4C89-B755-AA79851F3E2E}.Debug|Any CPU.Build.0 = Debug|Any CPU
		{2C2F4527-A73E-4C89-B755-AA79851F3E2E}.Release|Any CPU.ActiveCfg = Release|Any CPU
		{2C2F4527-A73E-4C89-B755-AA79851F3E2E}.Release|Any CPU.Build.0 = Release|Any CPU
	EndGlobalSection
	GlobalSection(SolutionProperties) = preSolution
		HideSolutionNode = FALSE
	EndGlobalSection
	GlobalSection(ExtensibilityGlobals) = postSolution
		SolutionGuid = {94C8277D-60DB-4886-B2E2-44E352062B6A}
	EndGlobalSection
EndGlobal
